// !$*UTF8*$!
{
	archiveVersion = 1;
	classes = {
	};
	objectVersion = 52;
	objects = {

/* Begin PBXBuildFile section */
		7F4625DC080B593900E8EAFC /* QSShelfController.m in Sources */ = {isa = PBXBuildFile; fileRef = 7F4625D9080B593900E8EAFC /* QSShelfController.m */; };
		7F4625DD080B593900E8EAFC /* QSShelfSource.m in Sources */ = {isa = PBXBuildFile; fileRef = 7F4625DB080B593900E8EAFC /* QSShelfSource.m */; };
		7F4625E0080B594900E8EAFC /* QSShelf.nib in Resources */ = {isa = PBXBuildFile; fileRef = 7F4625DF080B594900E8EAFC /* QSShelf.nib */; };
		7FFA87220813875A00A858CD /* QSCatalogPreset.name.strings in Resources */ = {isa = PBXBuildFile; fileRef = 7FFA87200813875A00A858CD /* QSCatalogPreset.name.strings */; };
		8D1AC9700486D14A00FE50C9 /* Cocoa.framework in Frameworks */ = {isa = PBXBuildFile; fileRef = DD92D38A0106425D02CA0E72 /* Cocoa.framework */; };
		CD7EE3D0282896DA0033614B /* QSFoundation.framework in Frameworks */ = {isa = PBXBuildFile; fileRef = CD7EE3CF282896DA0033614B /* QSFoundation.framework */; };
		CD7EE3D2282896EE0033614B /* QSCore.framework in Frameworks */ = {isa = PBXBuildFile; fileRef = CD7EE3D1282896EE0033614B /* QSCore.framework */; };
		CD7EE3D4282896FA0033614B /* QSInterface.framework in Frameworks */ = {isa = PBXBuildFile; fileRef = CD7EE3D3282896FA0033614B /* QSInterface.framework */; };
/* End PBXBuildFile section */

/* Begin PBXFileReference section */
		7F4625D8080B593900E8EAFC /* QSShelfController.h */ = {isa = PBXFileReference; fileEncoding = 30; lastKnownFileType = sourcecode.c.h; path = QSShelfController.h; sourceTree = "<group>"; };
		7F4625D9080B593900E8EAFC /* QSShelfController.m */ = {isa = PBXFileReference; fileEncoding = 30; lastKnownFileType = sourcecode.c.objc; path = QSShelfController.m; sourceTree = "<group>"; };
		7F4625DA080B593900E8EAFC /* QSShelfSource.h */ = {isa = PBXFileReference; fileEncoding = 30; lastKnownFileType = sourcecode.c.h; path = QSShelfSource.h; sourceTree = "<group>"; };
		7F4625DB080B593900E8EAFC /* QSShelfSource.m */ = {isa = PBXFileReference; fileEncoding = 30; lastKnownFileType = sourcecode.c.objc; path = QSShelfSource.m; sourceTree = "<group>"; };
		7F4625DF080B594900E8EAFC /* QSShelf.nib */ = {isa = PBXFileReference; lastKnownFileType = wrapper.nib; path = QSShelf.nib; sourceTree = "<group>"; };
		7FFA87210813875A00A858CD /* en */ = {isa = PBXFileReference; fileEncoding = 30; lastKnownFileType = text.xml; name = en; path = en.lproj/QSCatalogPreset.name.strings; sourceTree = "<group>"; };
		8D1AC9730486D14A00FE50C9 /* Info.plist */ = {isa = PBXFileReference; fileEncoding = 4; lastKnownFileType = text.plist; path = Info.plist; sourceTree = "<group>"; };
		8D1AC9740486D14A00FE50C9 /* Shelf Plugin.qsplugin */ = {isa = PBXFileReference; explicitFileType = wrapper.cfbundle; includeInIndex = 0; path = "Shelf Plugin.qsplugin"; sourceTree = BUILT_PRODUCTS_DIR; };
		CD7EE3CF282896DA0033614B /* QSFoundation.framework */ = {isa = PBXFileReference; lastKnownFileType = wrapper.framework; path = QSFoundation.framework; sourceTree = BUILT_PRODUCTS_DIR; };
		CD7EE3D1282896EE0033614B /* QSCore.framework */ = {isa = PBXFileReference; lastKnownFileType = wrapper.framework; path = QSCore.framework; sourceTree = BUILT_PRODUCTS_DIR; };
		CD7EE3D3282896FA0033614B /* QSInterface.framework */ = {isa = PBXFileReference; lastKnownFileType = wrapper.framework; path = QSInterface.framework; sourceTree = BUILT_PRODUCTS_DIR; };
		D4FD144E15A92815007522C3 /* Common.xcconfig */ = {isa = PBXFileReference; lastKnownFileType = text.xcconfig; path = Common.xcconfig; sourceTree = "<group>"; };
		D4FD144F15A92815007522C3 /* Debug.xcconfig */ = {isa = PBXFileReference; lastKnownFileType = text.xcconfig; path = Debug.xcconfig; sourceTree = "<group>"; };
		D4FD145015A92815007522C3 /* Developer.xcconfig */ = {isa = PBXFileReference; lastKnownFileType = text.xcconfig; path = Developer.xcconfig; sourceTree = "<group>"; };
		D4FD145115A92815007522C3 /* QSPlugIn.xcconfig */ = {isa = PBXFileReference; lastKnownFileType = text.xcconfig; path = QSPlugIn.xcconfig; sourceTree = "<group>"; };
		D4FD145415A92815007522C3 /* Quicksilver.pch */ = {isa = PBXFileReference; lastKnownFileType = sourcecode.c.h; path = Quicksilver.pch; sourceTree = "<group>"; };
		D4FD145515A92815007522C3 /* Release.xcconfig */ = {isa = PBXFileReference; lastKnownFileType = text.xcconfig; path = Release.xcconfig; sourceTree = "<group>"; };
		DD92D38A0106425D02CA0E72 /* Cocoa.framework */ = {isa = PBXFileReference; lastKnownFileType = wrapper.framework; name = Cocoa.framework; path = /System/Library/Frameworks/Cocoa.framework; sourceTree = "<absolute>"; };
/* End PBXFileReference section */

/* Begin PBXFrameworksBuildPhase section */
		8D1AC96E0486D14A00FE50C9 /* Frameworks */ = {
			isa = PBXFrameworksBuildPhase;
			buildActionMask = 2147483647;
			files = (
				CD7EE3D0282896DA0033614B /* QSFoundation.framework in Frameworks */,
				CD7EE3D2282896EE0033614B /* QSCore.framework in Frameworks */,
				CD7EE3D4282896FA0033614B /* QSInterface.framework in Frameworks */,
				8D1AC9700486D14A00FE50C9 /* Cocoa.framework in Frameworks */,
			);
			runOnlyForDeploymentPostprocessing = 0;
		};
/* End PBXFrameworksBuildPhase section */

/* Begin PBXGroup section */
		0259C574FE90428111CA0C5A /* QSShelfPlugIn */ = {
			isa = PBXGroup;
			children = (
				D4FD144D15A92815007522C3 /* Configuration */,
				32DBCF9E0370C38000C91783 /* Classes */,
				0259C582FE90428111CA0C5A /* Resources */,
				1ED78706FE9D4A0611CA0C5A /* Products */,
				2E58F364FFB232C311CA0CBA /* Frameworks */,
			);
			name = QSShelfPlugIn;
			sourceTree = "<group>";
		};
		0259C582FE90428111CA0C5A /* Resources */ = {
			isa = PBXGroup;
			children = (
				7FFA87200813875A00A858CD /* QSCatalogPreset.name.strings */,
				7F4625DF080B594900E8EAFC /* QSShelf.nib */,
				8D1AC9730486D14A00FE50C9 /* Info.plist */,
			);
			name = Resources;
			sourceTree = "<group>";
		};
		1ED78706FE9D4A0611CA0C5A /* Products */ = {
			isa = PBXGroup;
			children = (
				8D1AC9740486D14A00FE50C9 /* Shelf Plugin.qsplugin */,
			);
			name = Products;
			sourceTree = "<group>";
		};
		2E58F364FFB232C311CA0CBA /* Frameworks */ = {
			isa = PBXGroup;
			children = (
				CD7EE3D3282896FA0033614B /* QSInterface.framework */,
				CD7EE3D1282896EE0033614B /* QSCore.framework */,
				CD7EE3CF282896DA0033614B /* QSFoundation.framework */,
				DD92D38A0106425D02CA0E72 /* Cocoa.framework */,
			);
			name = Frameworks;
			sourceTree = "<group>";
		};
		32DBCF9E0370C38000C91783 /* Classes */ = {
			isa = PBXGroup;
			children = (
				7F4625D8080B593900E8EAFC /* QSShelfController.h */,
				7F4625D9080B593900E8EAFC /* QSShelfController.m */,
				7F4625DA080B593900E8EAFC /* QSShelfSource.h */,
				7F4625DB080B593900E8EAFC /* QSShelfSource.m */,
			);
			name = Classes;
			sourceTree = "<group>";
		};
		D4FD144D15A92815007522C3 /* Configuration */ = {
			isa = PBXGroup;
			children = (
				D4FD144E15A92815007522C3 /* Common.xcconfig */,
				D4FD144F15A92815007522C3 /* Debug.xcconfig */,
				D4FD145015A92815007522C3 /* Developer.xcconfig */,
				D4FD145115A92815007522C3 /* QSPlugIn.xcconfig */,
				D4FD145415A92815007522C3 /* Quicksilver.pch */,
				D4FD145515A92815007522C3 /* Release.xcconfig */,
			);
			name = Configuration;
			path = /private/tmp/QS/Configuration;
			sourceTree = "<absolute>";
		};
/* End PBXGroup section */

/* Begin PBXNativeTarget section */
		8D1AC9600486D14A00FE50C9 /* Shelf Module */ = {
			isa = PBXNativeTarget;
			buildConfigurationList = 7FFF2509085E488600266176 /* Build configuration list for PBXNativeTarget "Shelf Module" */;
			buildPhases = (
				8D1AC9660486D14A00FE50C9 /* Resources */,
				8D1AC96A0486D14A00FE50C9 /* Sources */,
				8D1AC96E0486D14A00FE50C9 /* Frameworks */,
			);
			buildRules = (
			);
			dependencies = (
			);
			name = "Shelf Module";
			productInstallPath = "$(HOME)/Developer/Palettes";
			productName = QSShelfPlugIn;
			productReference = 8D1AC9740486D14A00FE50C9 /* Shelf Plugin.qsplugin */;
			productType = "com.apple.product-type.bundle";
		};
/* End PBXNativeTarget section */

/* Begin PBXProject section */
		0259C573FE90428111CA0C5A /* Project object */ = {
			isa = PBXProject;
			attributes = {
				LastUpgradeCheck = 1120;
			};
			buildConfigurationList = 7FFF250D085E488600266176 /* Build configuration list for PBXProject "QSShelfPlugIn" */;
			compatibilityVersion = "Xcode 11.0";
			developmentRegion = English;
			hasScannedForEncodings = 1;
			knownRegions = (
				English,
				Japanese,
				French,
				German,
				en,
			);
			mainGroup = 0259C574FE90428111CA0C5A /* QSShelfPlugIn */;
			projectDirPath = "";
			projectRoot = ..;
			targets = (
				8D1AC9600486D14A00FE50C9 /* Shelf Module */,
			);
		};
/* End PBXProject section */

/* Begin PBXResourcesBuildPhase section */
		8D1AC9660486D14A00FE50C9 /* Resources */ = {
			isa = PBXResourcesBuildPhase;
			buildActionMask = 2147483647;
			files = (
				7F4625E0080B594900E8EAFC /* QSShelf.nib in Resources */,
				7FFA87220813875A00A858CD /* QSCatalogPreset.name.strings in Resources */,
			);
			runOnlyForDeploymentPostprocessing = 0;
		};
/* End PBXResourcesBuildPhase section */

/* Begin PBXSourcesBuildPhase section */
		8D1AC96A0486D14A00FE50C9 /* Sources */ = {
			isa = PBXSourcesBuildPhase;
			buildActionMask = 2147483647;
			files = (
				7F4625DC080B593900E8EAFC /* QSShelfController.m in Sources */,
				7F4625DD080B593900E8EAFC /* QSShelfSource.m in Sources */,
			);
			runOnlyForDeploymentPostprocessing = 0;
		};
/* End PBXSourcesBuildPhase section */

/* Begin PBXVariantGroup section */
		7FFA87200813875A00A858CD /* QSCatalogPreset.name.strings */ = {
			isa = PBXVariantGroup;
			children = (
				7FFA87210813875A00A858CD /* en */,
			);
			name = QSCatalogPreset.name.strings;
			sourceTree = "<group>";
		};
/* End PBXVariantGroup section */

/* Begin XCBuildConfiguration section */
		7FFF250A085E488600266176 /* Debug */ = {
			isa = XCBuildConfiguration;
			baseConfigurationReference = D4FD145115A92815007522C3 /* QSPlugIn.xcconfig */;
			buildSettings = {
				OTHER_LDFLAGS = "-bundle";
				PRODUCT_NAME = "Shelf Plugin";
			};
			name = Debug;
		};
		7FFF250B085E488600266176 /* Release */ = {
			isa = XCBuildConfiguration;
			baseConfigurationReference = D4FD145115A92815007522C3 /* QSPlugIn.xcconfig */;
			buildSettings = {
				OTHER_LDFLAGS = "-bundle";
				PRODUCT_NAME = "Shelf Plugin";
			};
			name = Release;
		};
		7FFF250E085E488600266176 /* Debug */ = {
			isa = XCBuildConfiguration;
			baseConfigurationReference = D4FD144F15A92815007522C3 /* Debug.xcconfig */;
			buildSettings = {
				CLANG_ANALYZER_LOCALIZABILITY_NONLOCALIZED = YES;
				CLANG_WARN_BLOCK_CAPTURE_AUTORELEASING = YES;
				CLANG_WARN_COMMA = YES;
				CLANG_WARN_DEPRECATED_OBJC_IMPLEMENTATIONS = YES;
				CLANG_WARN_INFINITE_RECURSION = YES;
				CLANG_WARN_NON_LITERAL_NULL_CONVERSION = YES;
				CLANG_WARN_OBJC_IMPLICIT_RETAIN_SELF = YES;
				CLANG_WARN_OBJC_LITERAL_CONVERSION = YES;
				CLANG_WARN_RANGE_LOOP_ANALYSIS = YES;
				CLANG_WARN_STRICT_PROTOTYPES = YES;
				CLANG_WARN_SUSPICIOUS_MOVE = YES;
				CLANG_WARN_UNREACHABLE_CODE = YES;
				ENABLE_STRICT_OBJC_MSGSEND = YES;
				ENABLE_TESTABILITY = YES;
				GCC_NO_COMMON_BLOCKS = YES;
			};
			name = Debug;
		};
		7FFF250F085E488600266176 /* Release */ = {
			isa = XCBuildConfiguration;
			baseConfigurationReference = D4FD145515A92815007522C3 /* Release.xcconfig */;
			buildSettings = {
				CLANG_ANALYZER_LOCALIZABILITY_NONLOCALIZED = YES;
				CLANG_WARN_BLOCK_CAPTURE_AUTORELEASING = YES;
				CLANG_WARN_COMMA = YES;
				CLANG_WARN_DEPRECATED_OBJC_IMPLEMENTATIONS = YES;
				CLANG_WARN_INFINITE_RECURSION = YES;
				CLANG_WARN_NON_LITERAL_NULL_CONVERSION = YES;
				CLANG_WARN_OBJC_IMPLICIT_RETAIN_SELF = YES;
				CLANG_WARN_OBJC_LITERAL_CONVERSION = YES;
				CLANG_WARN_RANGE_LOOP_ANALYSIS = YES;
				CLANG_WARN_STRICT_PROTOTYPES = YES;
				CLANG_WARN_SUSPICIOUS_MOVE = YES;
				CLANG_WARN_UNREACHABLE_CODE = YES;
				ENABLE_STRICT_OBJC_MSGSEND = YES;
				GCC_NO_COMMON_BLOCKS = YES;
			};
			name = Release;
		};
/* End XCBuildConfiguration section */

/* Begin XCConfigurationList section */
		7FFF2509085E488600266176 /* Build configuration list for PBXNativeTarget "Shelf Module" */ = {
			isa = XCConfigurationList;
			buildConfigurations = (
				7FFF250A085E488600266176 /* Debug */,
				7FFF250B085E488600266176 /* Release */,
			);
			defaultConfigurationIsVisible = 0;
			defaultConfigurationName = Debug;
		};
		7FFF250D085E488600266176 /* Build configuration list for PBXProject "QSShelfPlugIn" */ = {
			isa = XCConfigurationList;
			buildConfigurations = (
				7FFF250E085E488600266176 /* Debug */,
				7FFF250F085E488600266176 /* Release */,
			);
			defaultConfigurationIsVisible = 0;
			defaultConfigurationName = Debug;
		};
/* End XCConfigurationList section */
	};
	rootObject = 0259C573FE90428111CA0C5A /* Project object */;
}
